
Microsoft Visual Studio Solution File, Format Version 12.00
# Visual Studio 2013
VisualStudioVersion = 12.0.31101.0
MinimumVisualStudioVersion = 10.0.40219.1
Project("{FAE04EC0-301F-11D3-BF4B-00C04F79EFBC}") = "QDLNet", "QDLNet\QDLNet.csproj", "{322A4C75-93C5-46E7-AA09-E98DF858F812}"
EndProject
Project("{FAE04EC0-301F-11D3-BF4B-00C04F79EFBC}") = "QDLLib", "QDLLib\QDLLib.csproj", "{52E2DF4D-AC9E-4693-8C97-A48ACC268C85}"
EndProject
Global
	GlobalSection(SolutionConfigurationPlatforms) = preSolution
		Debug|Any CPU = Debug|Any CPU
		Release|Any CPU = Release|Any CPU
	EndGlobalSection
	GlobalSection(ProjectConfigurationPlatforms) = postSolution
		{322A4C75-93C5-46E7-AA09-E98DF858F812}.Debug|Any CPU.ActiveCfg = Debug|Any CPU
		{322A4C75-93C5-46E7-AA09-E98DF858F812}.Debug|Any CPU.Build.0 = Debug|Any CPU
		{322A4C75-93C5-46E7-AA09-E98DF858F812}.Release|Any CPU.ActiveCfg = Release|Any CPU
		{322A4C75-93C5-46E7-AA09-E98DF858F812}.Release|Any CPU.Build.0 = Release|Any CPU
		{52E2DF4D-AC9E-4693-8C97-A48ACC268C85}.Debug|Any CPU.ActiveCfg = Debug|Any CPU
		{52E2DF4D-AC9E-4693-8C97-A48ACC268C85}.Debug|Any CPU.Build.0 = Debug|Any CPU
		{52E2DF4D-AC9E-4693-8C97-A48ACC268C85}.Release|Any CPU.ActiveCfg = Release|Any CPU
		{52E2DF4D-AC9E-4693-8C97-A48ACC268C85}.Release|Any CPU.Build.0 = Release|Any CPU
	EndGlobalSection
	GlobalSection(SolutionProperties) = preSolution
		HideSolutionNode = FALSE
	EndGlobalSection
EndGlobal
